
Microsoft Visual Studio Solution File, Format Version 12.00
# Visual Studio Version 17
VisualStudioVersion = 17.4.33205.214
MinimumVisualStudioVersion = 10.0.40219.1
Project("{FAE04EC0-301F-11D3-BF4B-00C04F79EFBC}") = "AccessingPrivateVariables", "AccessingPrivateVariables\AccessingPrivateVariables.csproj", "{5230AC8D-B3CD-4308-B945-7FAC69B6295C}"
EndProject
Global
	GlobalSection(SolutionConfigurationPlatforms) = preSolution
		Debug|Any CPU = Debug|Any CPU
		Release|Any CPU = Release|Any CPU
	EndGlobalSection
	GlobalSection(ProjectConfigurationPlatforms) = postSolution
		{5230AC8D-B3CD-4308-B945-7FAC69B6295C}.Debug|Any CPU.ActiveCfg = Debug|Any CPU
		{5230AC8D-B3CD-4308-B945-7FAC69B6295C}.Debug|Any CPU.Build.0 = Debug|Any CPU
		{5230AC8D-B3CD-4308-B945-7FAC69B6295C}.Release|Any CPU.ActiveCfg = Release|Any CPU
		{5230AC8D-B3CD-4308-B945-7FAC69B6295C}.Release|Any CPU.Build.0 = Release|Any CPU
	EndGlobalSection
	GlobalSection(SolutionProperties) = preSolution
		HideSolutionNode = FALSE
	EndGlobalSection
	GlobalSection(ExtensibilityGlobals) = postSolution
		SolutionGuid = {8E37252B-4446-4097-B220-2440796E5BE5}
	EndGlobalSection
EndGlobal
